Microsoft Visual Studio Solution File, Format Version 11.00
# Visual Studio 2008

Project("{42BE48C8-66AD-B9E5-72AF-5501EA99D878}") = "cpicapstone", "Assembly-CSharp-firstpass.csproj", "{7CDA1BA4-C841-A570-4881-2782474777AA}"
EndProject
Project("{42BE48C8-66AD-B9E5-72AF-5501EA99D878}") = "cpicapstone", "Assembly-CSharp.csproj", "{26E2FEBC-9136-0923-BCAA-86D369903420}"
EndProject
Project("{42BE48C8-66AD-B9E5-72AF-5501EA99D878}") = "cpicapstone", "Assembly-CSharp-Editor-firstpass.csproj", "{2FFFEEC0-B318-8E37-1672-08411D5B3469}"
EndProject
Project("{42BE48C8-66AD-B9E5-72AF-5501EA99D878}") = "cpicapstone", "Assembly-UnityScript-firstpass.unityproj", "{D2C84DBE-50E3-4FDF-489A-C96640220560}"
EndProject
Global
	GlobalSection(SolutionConfigurationPlatforms) = preSolution
		Debug|Any CPU = Debug|Any CPU
		Release|Any CPU = Release|Any CPU
	EndGlobalSection
	GlobalSection(ProjectConfigurationPlatforms) = postSolution
		{7CDA1BA4-C841-A570-4881-2782474777AA}.Debug|Any CPU.ActiveCfg = Debug|Any CPU
		{7CDA1BA4-C841-A570-4881-2782474777AA}.Debug|Any CPU.Build.0 = Debug|Any CPU
		{7CDA1BA4-C841-A570-4881-2782474777AA}.Release|Any CPU.ActiveCfg = Release|Any CPU
		{7CDA1BA4-C841-A570-4881-2782474777AA}.Release|Any CPU.Build.0 = Release|Any CPU
		{26E2FEBC-9136-0923-BCAA-86D369903420}.Debug|Any CPU.ActiveCfg = Debug|Any CPU
		{26E2FEBC-9136-0923-BCAA-86D369903420}.Debug|Any CPU.Build.0 = Debug|Any CPU
		{26E2FEBC-9136-0923-BCAA-86D369903420}.Release|Any CPU.ActiveCfg = Release|Any CPU
		{26E2FEBC-9136-0923-BCAA-86D369903420}.Release|Any CPU.Build.0 = Release|Any CPU
		{2FFFEEC0-B318-8E37-1672-08411D5B3469}.Debug|Any CPU.ActiveCfg = Debug|Any CPU
		{2FFFEEC0-B318-8E37-1672-08411D5B3469}.Debug|Any CPU.Build.0 = Debug|Any CPU
		{2FFFEEC0-B318-8E37-1672-08411D5B3469}.Release|Any CPU.ActiveCfg = Release|Any CPU
		{2FFFEEC0-B318-8E37-1672-08411D5B3469}.Release|Any CPU.Build.0 = Release|Any CPU
		{D2C84DBE-50E3-4FDF-489A-C96640220560}.Debug|Any CPU.ActiveCfg = Debug|Any CPU
		{D2C84DBE-50E3-4FDF-489A-C96640220560}.Debug|Any CPU.Build.0 = Debug|Any CPU
		{D2C84DBE-50E3-4FDF-489A-C96640220560}.Release|Any CPU.ActiveCfg = Release|Any CPU
		{D2C84DBE-50E3-4FDF-489A-C96640220560}.Release|Any CPU.Build.0 = Release|Any CPU
	EndGlobalSection
	GlobalSection(SolutionProperties) = preSolution
		HideSolutionNode = FALSE
	EndGlobalSection
																																																																																																																																																							GlobalSection(MonoDevelopProperties) = preSolution
		StartupItem = Assembly-CSharp.csproj
		Policies = $0
		$0.TextStylePolicy = $3
		$1.inheritsSet = null
		$1.scope = text/x-csharp
		$0.CSharpFormattingPolicy = $2
		$2.inheritsSet = Mono
		$2.inheritsScope = text/x-csharp
		$2.scope = text/x-csharp
		$3.FileWidth = 120
		$3.TabWidth = 4
		$3.EolMarker = Unix
		$3.inheritsSet = Mono
		$3.inheritsScope = text/plain
		$3.scope = text/plain
	EndGlobalSection

EndGlobal
